// !$*UTF8*$!
{
	archiveVersion = 1;
	classes = {
	};
	objectVersion = 56;
	objects = {

/* Begin PBXBuildFile section */
		FCA3F8742A9988860074E446 /* PaletteManager.swift in Sources */ = {isa = PBXBuildFile; fileRef = FCA3F8732A9988860074E446 /* PaletteManager.swift */; };
		FCBDD7882A985D2E005EA536 /* Palete.swift in Sources */ = {isa = PBXBuildFile; fileRef = FCBDD7872A985D2E005EA536 /* Palete.swift */; };
		FCBDD78A2A985DDC005EA536 /* PaletteStore.swift in Sources */ = {isa = PBXBuildFile; fileRef = FCBDD7892A985DDC005EA536 /* PaletteStore.swift */; };
		FCBDD78C2A9861AA005EA536 /* PaletteChooser.swift in Sources */ = {isa = PBXBuildFile; fileRef = FCBDD78B2A9861AA005EA536 /* PaletteChooser.swift */; };
		FCBDD78E2A98D40D005EA536 /* PaletteEditor.swift in Sources */ = {isa = PBXBuildFile; fileRef = FCBDD78D2A98D40D005EA536 /* PaletteEditor.swift */; };
		FCBDD7902A98EE88005EA536 /* PaletteList.swift in Sources */ = {isa = PBXBuildFile; fileRef = FCBDD78F2A98EE88005EA536 /* PaletteList.swift */; };
		FCE635F82A974E0F00191F90 /* Emoji_ArtApp.swift in Sources */ = {isa = PBXBuildFile; fileRef = FCE635F72A974E0F00191F90 /* Emoji_ArtApp.swift */; };
		FCE635FC2A974E1000191F90 /* Assets.xcassets in Resources */ = {isa = PBXBuildFile; fileRef = FCE635FB2A974E1000191F90 /* Assets.xcassets */; };
		FCE635FF2A974E1000191F90 /* Preview Assets.xcassets in Resources */ = {isa = PBXBuildFile; fileRef = FCE635FE2A974E1000191F90 /* Preview Assets.xcassets */; };
		FCE636062A974E9100191F90 /* EmojiArt.swift in Sources */ = {isa = PBXBuildFile; fileRef = FCE636052A974E9100191F90 /* EmojiArt.swift */; };
		FCE636082A974F7100191F90 /* EmojiArtDocument.swift in Sources */ = {isa = PBXBuildFile; fileRef = FCE636072A974F7100191F90 /* EmojiArtDocument.swift */; };
		FCE6360A2A97506100191F90 /* EmojiArtDocumentView.swift in Sources */ = {isa = PBXBuildFile; fileRef = FCE636092A97506100191F90 /* EmojiArtDocumentView.swift */; };
		FCE6360C2A97558700191F90 /* Extensions.swift in Sources */ = {isa = PBXBuildFile; fileRef = FCE6360B2A97558700191F90 /* Extensions.swift */; };
		FCE6360E2A979EA600191F90 /* Sturldata.swift in Sources */ = {isa = PBXBuildFile; fileRef = FCE6360D2A979EA600191F90 /* Sturldata.swift */; };
/* End PBXBuildFile section */

/* Begin PBXFileReference section */
		FCA3F8732A9988860074E446 /* PaletteManager.swift */ = {isa = PBXFileReference; lastKnownFileType = sourcecode.swift; path = PaletteManager.swift; sourceTree = "<group>"; };
		FCBDD7872A985D2E005EA536 /* Palete.swift */ = {isa = PBXFileReference; lastKnownFileType = sourcecode.swift; path = Palete.swift; sourceTree = "<group>"; };
		FCBDD7892A985DDC005EA536 /* PaletteStore.swift */ = {isa = PBXFileReference; lastKnownFileType = sourcecode.swift; path = PaletteStore.swift; sourceTree = "<group>"; };
		FCBDD78B2A9861AA005EA536 /* PaletteChooser.swift */ = {isa = PBXFileReference; lastKnownFileType = sourcecode.swift; path = PaletteChooser.swift; sourceTree = "<group>"; };
		FCBDD78D2A98D40D005EA536 /* PaletteEditor.swift */ = {isa = PBXFileReference; lastKnownFileType = sourcecode.swift; path = PaletteEditor.swift; sourceTree = "<group>"; };
		FCBDD78F2A98EE88005EA536 /* PaletteList.swift */ = {isa = PBXFileReference; lastKnownFileType = sourcecode.swift; path = PaletteList.swift; sourceTree = "<group>"; };
		FCC307852A9B7DA50023C40C /* Emoji-Art-Info.plist */ = {isa = PBXFileReference; lastKnownFileType = text.plist; path = "Emoji-Art-Info.plist"; sourceTree = SOURCE_ROOT; };
		FCE635F42A974E0F00191F90 /* Emoji Art.app */ = {isa = PBXFileReference; explicitFileType = wrapper.application; includeInIndex = 0; path = "Emoji Art.app"; sourceTree = BUILT_PRODUCTS_DIR; };
		FCE635F72A974E0F00191F90 /* Emoji_ArtApp.swift */ = {isa = PBXFileReference; lastKnownFileType = sourcecode.swift; path = Emoji_ArtApp.swift; sourceTree = "<group>"; };
		FCE635FB2A974E1000191F90 /* Assets.xcassets */ = {isa = PBXFileReference; lastKnownFileType = folder.assetcatalog; path = Assets.xcassets; sourceTree = "<group>"; };
		FCE635FE2A974E1000191F90 /* Preview Assets.xcassets */ = {isa = PBXFileReference; lastKnownFileType = folder.assetcatalog; path = "Preview Assets.xcassets"; sourceTree = "<group>"; };
		FCE636052A974E9100191F90 /* EmojiArt.swift */ = {isa = PBXFileReference; lastKnownFileType = sourcecode.swift; path = EmojiArt.swift; sourceTree = "<group>"; };
		FCE636072A974F7100191F90 /* EmojiArtDocument.swift */ = {isa = PBXFileReference; lastKnownFileType = sourcecode.swift; path = EmojiArtDocument.swift; sourceTree = "<group>"; };
		FCE636092A97506100191F90 /* EmojiArtDocumentView.swift */ = {isa = PBXFileReference; lastKnownFileType = sourcecode.swift; path = EmojiArtDocumentView.swift; sourceTree = "<group>"; };
		FCE6360B2A97558700191F90 /* Extensions.swift */ = {isa = PBXFileReference; fileEncoding = 4; lastKnownFileType = sourcecode.swift; path = Extensions.swift; sourceTree = "<group>"; };
		FCE6360D2A979EA600191F90 /* Sturldata.swift */ = {isa = PBXFileReference; fileEncoding = 4; lastKnownFileType = sourcecode.swift; path = Sturldata.swift; sourceTree = "<group>"; };
/* End PBXFileReference section */

/* Begin PBXFrameworksBuildPhase section */
		FCE635F12A974E0F00191F90 /* Frameworks */ = {
			isa = PBXFrameworksBuildPhase;
			buildActionMask = 2147483647;
			files = (
			);
			runOnlyForDeploymentPostprocessing = 0;
		};
/* End PBXFrameworksBuildPhase section */

/* Begin PBXGroup section */
		FCE635EB2A974E0F00191F90 = {
			isa = PBXGroup;
			children = (
				FCE635F62A974E0F00191F90 /* Emoji Art */,
				FCE635F52A974E0F00191F90 /* Products */,
			);
			sourceTree = "<group>";
		};
		FCE635F52A974E0F00191F90 /* Products */ = {
			isa = PBXGroup;
			children = (
				FCE635F42A974E0F00191F90 /* Emoji Art.app */,
			);
			name = Products;
			sourceTree = "<group>";
		};
		FCE635F62A974E0F00191F90 /* Emoji Art */ = {
			isa = PBXGroup;
			children = (
				FCC307852A9B7DA50023C40C /* Emoji-Art-Info.plist */,
				FCE635F72A974E0F00191F90 /* Emoji_ArtApp.swift */,
				FCBDD7872A985D2E005EA536 /* Palete.swift */,
				FCBDD7892A985DDC005EA536 /* PaletteStore.swift */,
				FCBDD78B2A9861AA005EA536 /* PaletteChooser.swift */,
				FCA3F8732A9988860074E446 /* PaletteManager.swift */,
				FCBDD78F2A98EE88005EA536 /* PaletteList.swift */,
				FCBDD78D2A98D40D005EA536 /* PaletteEditor.swift */,
				FCE636052A974E9100191F90 /* EmojiArt.swift */,
				FCE636072A974F7100191F90 /* EmojiArtDocument.swift */,
				FCE636092A97506100191F90 /* EmojiArtDocumentView.swift */,
				FCE6360B2A97558700191F90 /* Extensions.swift */,
				FCE6360D2A979EA600191F90 /* Sturldata.swift */,
				FCE635FB2A974E1000191F90 /* Assets.xcassets */,
				FCE635FD2A974E1000191F90 /* Preview Content */,
			);
			path = "Emoji Art";
			sourceTree = "<group>";
		};
		FCE635FD2A974E1000191F90 /* Preview Content */ = {
			isa = PBXGroup;
			children = (
				FCE635FE2A974E1000191F90 /* Preview Assets.xcassets */,
			);
			path = "Preview Content";
			sourceTree = "<group>";
		};
/* End PBXGroup section */

/* Begin PBXNativeTarget section */
		FCE635F32A974E0F00191F90 /* Emoji Art */ = {
			isa = PBXNativeTarget;
			buildConfigurationList = FCE636022A974E1000191F90 /* Build configuration list for PBXNativeTarget "Emoji Art" */;
			buildPhases = (
				FCE635F02A974E0F00191F90 /* Sources */,
				FCE635F12A974E0F00191F90 /* Frameworks */,
				FCE635F22A974E0F00191F90 /* Resources */,
			);
			buildRules = (
			);
			dependencies = (
			);
			name = "Emoji Art";
			productName = "Emoji Art";
			productReference = FCE635F42A974E0F00191F90 /* Emoji Art.app */;
			productType = "com.apple.product-type.application";
		};
/* End PBXNativeTarget section */

/* Begin PBXProject section */
		FCE635EC2A974E0F00191F90 /* Project object */ = {
			isa = PBXProject;
			attributes = {
				BuildIndependentTargetsInParallel = 1;
				LastSwiftUpdateCheck = 1430;
				LastUpgradeCheck = 1430;
				TargetAttributes = {
					FCE635F32A974E0F00191F90 = {
						CreatedOnToolsVersion = 14.3.1;
					};
				};
			};
			buildConfigurationList = FCE635EF2A974E0F00191F90 /* Build configuration list for PBXProject "Emoji Art" */;
			compatibilityVersion = "Xcode 14.0";
			developmentRegion = en;
			hasScannedForEncodings = 0;
			knownRegions = (
				en,
				Base,
			);
			mainGroup = FCE635EB2A974E0F00191F90;
			productRefGroup = FCE635F52A974E0F00191F90 /* Products */;
			projectDirPath = "";
			projectRoot = "";
			targets = (
				FCE635F32A974E0F00191F90 /* Emoji Art */,
			);
		};
/* End PBXProject section */

/* Begin PBXResourcesBuildPhase section */
		FCE635F22A974E0F00191F90 /* Resources */ = {
			isa = PBXResourcesBuildPhase;
			buildActionMask = 2147483647;
			files = (
				FCE635FF2A974E1000191F90 /* Preview Assets.xcassets in Resources */,
				FCE635FC2A974E1000191F90 /* Assets.xcassets in Resources */,
			);
			runOnlyForDeploymentPostprocessing = 0;
		};
/* End PBXResourcesBuildPhase section */

/* Begin PBXSourcesBuildPhase section */
		FCE635F02A974E0F00191F90 /* Sources */ = {
			isa = PBXSourcesBuildPhase;
			buildActionMask = 2147483647;
			files = (
				FCE6360E2A979EA600191F90 /* Sturldata.swift in Sources */,
				FCE6360A2A97506100191F90 /* EmojiArtDocumentView.swift in Sources */,
				FCBDD7882A985D2E005EA536 /* Palete.swift in Sources */,
				FCE6360C2A97558700191F90 /* Extensions.swift in Sources */,
				FCBDD78A2A985DDC005EA536 /* PaletteStore.swift in Sources */,
				FCA3F8742A9988860074E446 /* PaletteManager.swift in Sources */,
				FCE636062A974E9100191F90 /* EmojiArt.swift in Sources */,
				FCBDD78E2A98D40D005EA536 /* PaletteEditor.swift in Sources */,
				FCE635F82A974E0F00191F90 /* Emoji_ArtApp.swift in Sources */,
				FCBDD7902A98EE88005EA536 /* PaletteList.swift in Sources */,
				FCE636082A974F7100191F90 /* EmojiArtDocument.swift in Sources */,
				FCBDD78C2A9861AA005EA536 /* PaletteChooser.swift in Sources */,
			);
			runOnlyForDeploymentPostprocessing = 0;
		};
/* End PBXSourcesBuildPhase section */

/* Begin XCBuildConfiguration section */
		FCE636002A974E1000191F90 /* Debug */ = {
			isa = XCBuildConfiguration;
			buildSettings = {
				ALWAYS_SEARCH_USER_PATHS = NO;
				CLANG_ANALYZER_NONNULL = YES;
				CLANG_ANALYZER_NUMBER_OBJECT_CONVERSION = YES_AGGRESSIVE;
				CLANG_CXX_LANGUAGE_STANDARD = "gnu++20";
				CLANG_ENABLE_MODULES = YES;
				CLANG_ENABLE_OBJC_ARC = YES;
				CLANG_ENABLE_OBJC_WEAK = YES;
				CLANG_WARN_BLOCK_CAPTURE_AUTORELEASING = YES;
				CLANG_WARN_BOOL_CONVERSION = YES;
				CLANG_WARN_COMMA = YES;
				CLANG_WARN_CONSTANT_CONVERSION = YES;
				CLANG_WARN_DEPRECATED_OBJC_IMPLEMENTATIONS = YES;
				CLANG_WARN_DIRECT_OBJC_ISA_USAGE = YES_ERROR;
				CLANG_WARN_DOCUMENTATION_COMMENTS = YES;
				CLANG_WARN_EMPTY_BODY = YES;
				CLANG_WARN_ENUM_CONVERSION = YES;
				CLANG_WARN_INFINITE_RECURSION = YES;
				CLANG_WARN_INT_CONVERSION = YES;
				CLANG_WARN_NON_LITERAL_NULL_CONVERSION = YES;
				CLANG_WARN_OBJC_IMPLICIT_RETAIN_SELF = YES;
				CLANG_WARN_OBJC_LITERAL_CONVERSION = YES;
				CLANG_WARN_OBJC_ROOT_CLASS = YES_ERROR;
				CLANG_WARN_QUOTED_INCLUDE_IN_FRAMEWORK_HEADER = YES;
				CLANG_WARN_RANGE_LOOP_ANALYSIS = YES;
				CLANG_WARN_STRICT_PROTOTYPES = YES;
				CLANG_WARN_SUSPICIOUS_MOVE = YES;
				CLANG_WARN_UNGUARDED_AVAILABILITY = YES_AGGRESSIVE;
				CLANG_WARN_UNREACHABLE_CODE = YES;
				CLANG_WARN__DUPLICATE_METHOD_MATCH = YES;
				COPY_PHASE_STRIP = NO;
				DEBUG_INFORMATION_FORMAT = dwarf;
				ENABLE_STRICT_OBJC_MSGSEND = YES;
				ENABLE_TESTABILITY = YES;
				GCC_C_LANGUAGE_STANDARD = gnu11;
				GCC_DYNAMIC_NO_PIC = NO;
				GCC_NO_COMMON_BLOCKS = YES;
				GCC_OPTIMIZATION_LEVEL = 0;
				GCC_PREPROCESSOR_DEFINITIONS = (
					"DEBUG=1",
					"$(inherited)",
				);
				GCC_WARN_64_TO_32_BIT_CONVERSION = YES;
				GCC_WARN_ABOUT_RETURN_TYPE = YES_ERROR;
				GCC_WARN_UNDECLARED_SELECTOR = YES;
				GCC_WARN_UNINITIALIZED_AUTOS = YES_AGGRESSIVE;
				GCC_WARN_UNUSED_FUNCTION = YES;
				GCC_WARN_UNUSED_VARIABLE = YES;
				IPHONEOS_DEPLOYMENT_TARGET = 16.4;
				MTL_ENABLE_DEBUG_INFO = INCLUDE_SOURCE;
				MTL_FAST_MATH = YES;
				ONLY_ACTIVE_ARCH = YES;
				SDKROOT = iphoneos;
				SWIFT_ACTIVE_COMPILATION_CONDITIONS = DEBUG;
				SWIFT_OPTIMIZATION_LEVEL = "-Onone";
			};
			name = Debug;
		};
		FCE636012A974E1000191F90 /* Release */ = {
			isa = XCBuildConfiguration;
			buildSettings = {
				ALWAYS_SEARCH_USER_PATHS = NO;
				CLANG_ANALYZER_NONNULL = YES;
				CLANG_ANALYZER_NUMBER_OBJECT_CONVERSION = YES_AGGRESSIVE;
				CLANG_CXX_LANGUAGE_STANDARD = "gnu++20";
				CLANG_ENABLE_MODULES = YES;
				CLANG_ENABLE_OBJC_ARC = YES;
				CLANG_ENABLE_OBJC_WEAK = YES;
				CLANG_WARN_BLOCK_CAPTURE_AUTORELEASING = YES;
				CLANG_WARN_BOOL_CONVERSION = YES;
				CLANG_WARN_COMMA = YES;
				CLANG_WARN_CONSTANT_CONVERSION = YES;
				CLANG_WARN_DEPRECATED_OBJC_IMPLEMENTATIONS = YES;
				CLANG_WARN_DIRECT_OBJC_ISA_USAGE = YES_ERROR;
				CLANG_WARN_DOCUMENTATION_COMMENTS = YES;
				CLANG_WARN_EMPTY_BODY = YES;
				CLANG_WARN_ENUM_CONVERSION = YES;
				CLANG_WARN_INFINITE_RECURSION = YES;
				CLANG_WARN_INT_CONVERSION = YES;
				CLANG_WARN_NON_LITERAL_NULL_CONVERSION = YES;
				CLANG_WARN_OBJC_IMPLICIT_RETAIN_SELF = YES;
				CLANG_WARN_OBJC_LITERAL_CONVERSION = YES;
				CLANG_WARN_OBJC_ROOT_CLASS = YES_ERROR;
				CLANG_WARN_QUOTED_INCLUDE_IN_FRAMEWORK_HEADER = YES;
				CLANG_WARN_RANGE_LOOP_ANALYSIS = YES;
				CLANG_WARN_STRICT_PROTOTYPES = YES;
				CLANG_WARN_SUSPICIOUS_MOVE = YES;
				CLANG_WARN_UNGUARDED_AVAILABILITY = YES_AGGRESSIVE;
				CLANG_WARN_UNREACHABLE_CODE = YES;
				CLANG_WARN__DUPLICATE_METHOD_MATCH = YES;
				COPY_PHASE_STRIP = NO;
				DEBUG_INFORMATION_FORMAT = "dwarf-with-dsym";
				ENABLE_NS_ASSERTIONS = NO;
				ENABLE_STRICT_OBJC_MSGSEND = YES;
				GCC_C_LANGUAGE_STANDARD = gnu11;
				GCC_NO_COMMON_BLOCKS = YES;
				GCC_WARN_64_TO_32_BIT_CONVERSION = YES;
				GCC_WARN_ABOUT_RETURN_TYPE = YES_ERROR;
				GCC_WARN_UNDECLARED_SELECTOR = YES;
				GCC_WARN_UNINITIALIZED_AUTOS = YES_AGGRESSIVE;
				GCC_WARN_UNUSED_FUNCTION = YES;
				GCC_WARN_UNUSED_VARIABLE = YES;
				IPHONEOS_DEPLOYMENT_TARGET = 16.4;
				MTL_ENABLE_DEBUG_INFO = NO;
				MTL_FAST_MATH = YES;
				SDKROOT = iphoneos;
				SWIFT_COMPILATION_MODE = wholemodule;
				SWIFT_OPTIMIZATION_LEVEL = "-O";
				VALIDATE_PRODUCT = YES;
			};
			name = Release;
		};
		FCE636032A974E1000191F90 /* Debug */ = {
			isa = XCBuildConfiguration;
			buildSettings = {
				ASSETCATALOG_COMPILER_APPICON_NAME = AppIcon;
				ASSETCATALOG_COMPILER_GLOBAL_ACCENT_COLOR_NAME = AccentColor;
				CODE_SIGN_STYLE = Automatic;
				CURRENT_PROJECT_VERSION = 1;
				DEVELOPMENT_ASSET_PATHS = "\"Emoji Art/Preview Content\"";
				DEVELOPMENT_TEAM = 69QK5F5AAX;
				ENABLE_PREVIEWS = YES;
				GENERATE_INFOPLIST_FILE = YES;
				INFOPLIST_FILE = "Emoji-Art-Info.plist";
				INFOPLIST_KEY_UIApplicationSceneManifest_Generation = YES;
				INFOPLIST_KEY_UIApplicationSupportsIndirectInputEvents = YES;
				INFOPLIST_KEY_UILaunchScreen_Generation = YES;
				INFOPLIST_KEY_UISupportedInterfaceOrientations_iPad = "UIInterfaceOrientationPortrait UIInterfaceOrientationPortraitUpsideDown UIInterfaceOrientationLandscapeLeft UIInterfaceOrientationLandscapeRight";
				INFOPLIST_KEY_UISupportedInterfaceOrientations_iPhone = "UIInterfaceOrientationPortrait UIInterfaceOrientationLandscapeLeft UIInterfaceOrientationLandscapeRight";
				INFOPLIST_KEY_UISupportsDocumentBrowser = YES;
				LD_RUNPATH_SEARCH_PATHS = (
					"$(inherited)",
					"@executable_path/Frameworks",
				);
				MARKETING_VERSION = 1.0;
				PRODUCT_BUNDLE_IDENTIFIER = "com.jackkong.Emoji-Art";
				PRODUCT_NAME = "$(TARGET_NAME)";
				SWIFT_EMIT_LOC_STRINGS = YES;
				SWIFT_VERSION = 5.0;
				TARGETED_DEVICE_FAMILY = "1,2";
			};
			name = Debug;
		};
		FCE636042A974E1000191F90 /* Release */ = {
			isa = XCBuildConfiguration;
			buildSettings = {
				ASSETCATALOG_COMPILER_APPICON_NAME = AppIcon;
				ASSETCATALOG_COMPILER_GLOBAL_ACCENT_COLOR_NAME = AccentColor;
				CODE_SIGN_STYLE = Automatic;
				CURRENT_PROJECT_VERSION = 1;
				DEVELOPMENT_ASSET_PATHS = "\"Emoji Art/Preview Content\"";
				DEVELOPMENT_TEAM = 69QK5F5AAX;
				ENABLE_PREVIEWS = YES;
				GENERATE_INFOPLIST_FILE = YES;
				INFOPLIST_FILE = "Emoji-Art-Info.plist";
				INFOPLIST_KEY_UIApplicationSceneManifest_Generation = YES;
				INFOPLIST_KEY_UIApplicationSupportsIndirectInputEvents = YES;
				INFOPLIST_KEY_UILaunchScreen_Generation = YES;
				INFOPLIST_KEY_UISupportedInterfaceOrientations_iPad = "UIInterfaceOrientationPortrait UIInterfaceOrientationPortraitUpsideDown UIInterfaceOrientationLandscapeLeft UIInterfaceOrientationLandscapeRight";
				INFOPLIST_KEY_UISupportedInterfaceOrientations_iPhone = "UIInterfaceOrientationPortrait UIInterfaceOrientationLandscapeLeft UIInterfaceOrientationLandscapeRight";
				INFOPLIST_KEY_UISupportsDocumentBrowser = YES;
				LD_RUNPATH_SEARCH_PATHS = (
					"$(inherited)",
					"@executable_path/Frameworks",
				);
				MARKETING_VERSION = 1.0;
				PRODUCT_BUNDLE_IDENTIFIER = "com.jackkong.Emoji-Art";
				PRODUCT_NAME = "$(TARGET_NAME)";
				SWIFT_EMIT_LOC_STRINGS = YES;
				SWIFT_VERSION = 5.0;
				TARGETED_DEVICE_FAMILY = "1,2";
			};
			name = Release;
		};
/* End XCBuildConfiguration section */

/* Begin XCConfigurationList section */
		FCE635EF2A974E0F00191F90 /* Build configuration list for PBXProject "Emoji Art" */ = {
			isa = XCConfigurationList;
			buildConfigurations = (
				FCE636002A974E1000191F90 /* Debug */,
				FCE636012A974E1000191F90 /* Release */,
			);
			defaultConfigurationIsVisible = 0;
			defaultConfigurationName = Release;
		};
		FCE636022A974E1000191F90 /* Build configuration list for PBXNativeTarget "Emoji Art" */ = {
			isa = XCConfigurationList;
			buildConfigurations = (
				FCE636032A974E1000191F90 /* Debug */,
				FCE636042A974E1000191F90 /* Release */,
			);
			defaultConfigurationIsVisible = 0;
			defaultConfigurationName = Release;
		};
/* End XCConfigurationList section */
	};
	rootObject = FCE635EC2A974E0F00191F90 /* Project object */;
}
